
Microsoft Visual Studio Solution File, Format Version 12.00
# Visual Studio 15
VisualStudioVersion = 15.0.28307.168
MinimumVisualStudioVersion = 10.0.40219.1
Project("{FAE04EC0-301F-11D3-BF4B-00C04F79EFBC}") = "RestDiceRoll", "RestDiceRoll\RestDiceRoll.csproj", "{3155726C-E76B-4825-8A62-C928EC477E19}"
EndProject
Global
	GlobalSection(SolutionConfigurationPlatforms) = preSolution
		Debug|Any CPU = Debug|Any CPU
		Release|Any CPU = Release|Any CPU
	EndGlobalSection
	GlobalSection(ProjectConfigurationPlatforms) = postSolution
		{3155726C-E76B-4825-8A62-C928EC477E19}.Debug|Any CPU.ActiveCfg = Debug|Any CPU
		{3155726C-E76B-4825-8A62-C928EC477E19}.Debug|Any CPU.Build.0 = Debug|Any CPU
		{3155726C-E76B-4825-8A62-C928EC477E19}.Release|Any CPU.ActiveCfg = Release|Any CPU
		{3155726C-E76B-4825-8A62-C928EC477E19}.Release|Any CPU.Build.0 = Release|Any CPU
	EndGlobalSection
	GlobalSection(SolutionProperties) = preSolution
		HideSolutionNode = FALSE
	EndGlobalSection
	GlobalSection(ExtensibilityGlobals) = postSolution
		SolutionGuid = {6EF6FE22-9DFB-41FC-B2E1-61B09BFC54FC}
	EndGlobalSection
EndGlobal
